// !$*UTF8*$!
{
	archiveVersion = 1;
	classes = {
	};
	objectVersion = 56;
	objects = {

/* Begin PBXBuildFile section */
		F358ADB52993B5910080B20E /* AppDelegate.swift in Sources */ = {isa = PBXBuildFile; fileRef = F358ADB42993B5910080B20E /* AppDelegate.swift */; };
		F358ADB72993B5910080B20E /* SceneDelegate.swift in Sources */ = {isa = PBXBuildFile; fileRef = F358ADB62993B5910080B20E /* SceneDelegate.swift */; };
		F358ADBE2993B5920080B20E /* Assets.xcassets in Resources */ = {isa = PBXBuildFile; fileRef = F358ADBD2993B5920080B20E /* Assets.xcassets */; };
		F358ADC12993B5920080B20E /* LaunchScreen.storyboard in Resources */ = {isa = PBXBuildFile; fileRef = F358ADBF2993B5920080B20E /* LaunchScreen.storyboard */; };
		F358ADCF2993BE8B0080B20E /* ListVC.swift in Sources */ = {isa = PBXBuildFile; fileRef = F358ADCD2993BE8B0080B20E /* ListVC.swift */; };
		F358ADD02993BE8B0080B20E /* ListVC.xib in Resources */ = {isa = PBXBuildFile; fileRef = F358ADCE2993BE8B0080B20E /* ListVC.xib */; };
		F358ADD42993BEB60080B20E /* DetailVc.swift in Sources */ = {isa = PBXBuildFile; fileRef = F358ADD22993BEB60080B20E /* DetailVc.swift */; };
		F358ADD52993BEB60080B20E /* DetailVc.xib in Resources */ = {isa = PBXBuildFile; fileRef = F358ADD32993BEB60080B20E /* DetailVc.xib */; };
		F358ADD82993C06B0080B20E /* task.json in Resources */ = {isa = PBXBuildFile; fileRef = F358ADD72993C06B0080B20E /* task.json */; };
		F358ADDD2993C2CA0080B20E /* ListCVC.swift in Sources */ = {isa = PBXBuildFile; fileRef = F358ADDB2993C2CA0080B20E /* ListCVC.swift */; };
		F358ADDE2993C2CA0080B20E /* ListCVC.xib in Resources */ = {isa = PBXBuildFile; fileRef = F358ADDC2993C2CA0080B20E /* ListCVC.xib */; };
		F358ADE22993C2FD0080B20E /* DataParser.swift in Sources */ = {isa = PBXBuildFile; fileRef = F358ADE12993C2FD0080B20E /* DataParser.swift */; };
		F358ADE52993CA650080B20E /* ListItemModel.swift in Sources */ = {isa = PBXBuildFile; fileRef = F358ADE42993CA650080B20E /* ListItemModel.swift */; };
		F358ADE72993EC9F0080B20E /* UIViewControllerExtension.swift in Sources */ = {isa = PBXBuildFile; fileRef = F358ADE62993EC9F0080B20E /* UIViewControllerExtension.swift */; };
		F358ADE92993F0B90080B20E /* NetworkManager.swift in Sources */ = {isa = PBXBuildFile; fileRef = F358ADE82993F0B90080B20E /* NetworkManager.swift */; };
/* End PBXBuildFile section */

/* Begin PBXFileReference section */
		F358ADB12993B5910080B20E /* ImageShower.app */ = {isa = PBXFileReference; explicitFileType = wrapper.application; includeInIndex = 0; path = ImageShower.app; sourceTree = BUILT_PRODUCTS_DIR; };
		F358ADB42993B5910080B20E /* AppDelegate.swift */ = {isa = PBXFileReference; lastKnownFileType = sourcecode.swift; path = AppDelegate.swift; sourceTree = "<group>"; };
		F358ADB62993B5910080B20E /* SceneDelegate.swift */ = {isa = PBXFileReference; lastKnownFileType = sourcecode.swift; path = SceneDelegate.swift; sourceTree = "<group>"; };
		F358ADBD2993B5920080B20E /* Assets.xcassets */ = {isa = PBXFileReference; lastKnownFileType = folder.assetcatalog; path = Assets.xcassets; sourceTree = "<group>"; };
		F358ADC02993B5920080B20E /* Base */ = {isa = PBXFileReference; lastKnownFileType = file.storyboard; name = Base; path = Base.lproj/LaunchScreen.storyboard; sourceTree = "<group>"; };
		F358ADC22993B5920080B20E /* Info.plist */ = {isa = PBXFileReference; lastKnownFileType = text.plist.xml; path = Info.plist; sourceTree = "<group>"; };
		F358ADCD2993BE8B0080B20E /* ListVC.swift */ = {isa = PBXFileReference; lastKnownFileType = sourcecode.swift; path = ListVC.swift; sourceTree = "<group>"; };
		F358ADCE2993BE8B0080B20E /* ListVC.xib */ = {isa = PBXFileReference; lastKnownFileType = file.xib; path = ListVC.xib; sourceTree = "<group>"; };
		F358ADD22993BEB60080B20E /* DetailVc.swift */ = {isa = PBXFileReference; lastKnownFileType = sourcecode.swift; path = DetailVc.swift; sourceTree = "<group>"; };
		F358ADD32993BEB60080B20E /* DetailVc.xib */ = {isa = PBXFileReference; lastKnownFileType = file.xib; path = DetailVc.xib; sourceTree = "<group>"; };
		F358ADD72993C06B0080B20E /* task.json */ = {isa = PBXFileReference; fileEncoding = 4; lastKnownFileType = text.json; path = task.json; sourceTree = "<group>"; };
		F358ADDB2993C2CA0080B20E /* ListCVC.swift */ = {isa = PBXFileReference; lastKnownFileType = sourcecode.swift; path = ListCVC.swift; sourceTree = "<group>"; };
		F358ADDC2993C2CA0080B20E /* ListCVC.xib */ = {isa = PBXFileReference; lastKnownFileType = file.xib; path = ListCVC.xib; sourceTree = "<group>"; };
		F358ADE12993C2FD0080B20E /* DataParser.swift */ = {isa = PBXFileReference; lastKnownFileType = sourcecode.swift; path = DataParser.swift; sourceTree = "<group>"; };
		F358ADE42993CA650080B20E /* ListItemModel.swift */ = {isa = PBXFileReference; lastKnownFileType = sourcecode.swift; path = ListItemModel.swift; sourceTree = "<group>"; };
		F358ADE62993EC9F0080B20E /* UIViewControllerExtension.swift */ = {isa = PBXFileReference; lastKnownFileType = sourcecode.swift; path = UIViewControllerExtension.swift; sourceTree = "<group>"; };
		F358ADE82993F0B90080B20E /* NetworkManager.swift */ = {isa = PBXFileReference; lastKnownFileType = sourcecode.swift; path = NetworkManager.swift; sourceTree = "<group>"; };
/* End PBXFileReference section */

/* Begin PBXFrameworksBuildPhase section */
		F358ADAE2993B5910080B20E /* Frameworks */ = {
			isa = PBXFrameworksBuildPhase;
			buildActionMask = 2147483647;
			files = (
			);
			runOnlyForDeploymentPostprocessing = 0;
		};
/* End PBXFrameworksBuildPhase section */

/* Begin PBXGroup section */
		F358ADA82993B5910080B20E = {
			isa = PBXGroup;
			children = (
				F358ADB32993B5910080B20E /* ImageShower */,
				F358ADB22993B5910080B20E /* Products */,
			);
			sourceTree = "<group>";
		};
		F358ADB22993B5910080B20E /* Products */ = {
			isa = PBXGroup;
			children = (
				F358ADB12993B5910080B20E /* ImageShower.app */,
			);
			name = Products;
			sourceTree = "<group>";
		};
		F358ADB32993B5910080B20E /* ImageShower */ = {
			isa = PBXGroup;
			children = (
				F358ADE32993C3030080B20E /* DataModels */,
				F358ADE02993C2E00080B20E /* Extensions */,
				F358ADDF2993C2D00080B20E /* Utils */,
				F358ADD92993C28E0080B20E /* CustomView */,
				F358ADD62993C0490080B20E /* Resources */,
				F358ADC82993BE0E0080B20E /* ViewControllers */,
				F358ADB42993B5910080B20E /* AppDelegate.swift */,
				F358ADB62993B5910080B20E /* SceneDelegate.swift */,
				F358ADBD2993B5920080B20E /* Assets.xcassets */,
				F358ADBF2993B5920080B20E /* LaunchScreen.storyboard */,
				F358ADC22993B5920080B20E /* Info.plist */,
			);
			path = ImageShower;
			sourceTree = "<group>";
		};
		F358ADC82993BE0E0080B20E /* ViewControllers */ = {
			isa = PBXGroup;
			children = (
				F358ADD12993BE980080B20E /* DetailVc */,
				F358ADCC2993BE750080B20E /* ListVc */,
			);
			path = ViewControllers;
			sourceTree = "<group>";
		};
		F358ADCC2993BE750080B20E /* ListVc */ = {
			isa = PBXGroup;
			children = (
				F358ADCD2993BE8B0080B20E /* ListVC.swift */,
				F358ADCE2993BE8B0080B20E /* ListVC.xib */,
			);
			path = ListVc;
			sourceTree = "<group>";
		};
		F358ADD12993BE980080B20E /* DetailVc */ = {
			isa = PBXGroup;
			children = (
				F358ADD22993BEB60080B20E /* DetailVc.swift */,
				F358ADD32993BEB60080B20E /* DetailVc.xib */,
			);
			path = DetailVc;
			sourceTree = "<group>";
		};
		F358ADD62993C0490080B20E /* Resources */ = {
			isa = PBXGroup;
			children = (
				F358ADD72993C06B0080B20E /* task.json */,
			);
			path = Resources;
			sourceTree = "<group>";
		};
		F358ADD92993C28E0080B20E /* CustomView */ = {
			isa = PBXGroup;
			children = (
				F358ADDB2993C2CA0080B20E /* ListCVC.swift */,
				F358ADDC2993C2CA0080B20E /* ListCVC.xib */,
			);
			path = CustomView;
			sourceTree = "<group>";
		};
		F358ADDF2993C2D00080B20E /* Utils */ = {
			isa = PBXGroup;
			children = (
				F358ADE12993C2FD0080B20E /* DataParser.swift */,
				F358ADE82993F0B90080B20E /* NetworkManager.swift */,
			);
			path = Utils;
			sourceTree = "<group>";
		};
		F358ADE02993C2E00080B20E /* Extensions */ = {
			isa = PBXGroup;
			children = (
				F358ADE62993EC9F0080B20E /* UIViewControllerExtension.swift */,
			);
			path = Extensions;
			sourceTree = "<group>";
		};
		F358ADE32993C3030080B20E /* DataModels */ = {
			isa = PBXGroup;
			children = (
				F358ADE42993CA650080B20E /* ListItemModel.swift */,
			);
			path = DataModels;
			sourceTree = "<group>";
		};
/* End PBXGroup section */

/* Begin PBXNativeTarget section */
		F358ADB02993B5910080B20E /* ImageShower */ = {
			isa = PBXNativeTarget;
			buildConfigurationList = F358ADC52993B5920080B20E /* Build configuration list for PBXNativeTarget "ImageShower" */;
			buildPhases = (
				F358ADAD2993B5910080B20E /* Sources */,
				F358ADAE2993B5910080B20E /* Frameworks */,
				F358ADAF2993B5910080B20E /* Resources */,
			);
			buildRules = (
			);
			dependencies = (
			);
			name = ImageShower;
			productName = ImageShower;
			productReference = F358ADB12993B5910080B20E /* ImageShower.app */;
			productType = "com.apple.product-type.application";
		};
/* End PBXNativeTarget section */

/* Begin PBXProject section */
		F358ADA92993B5910080B20E /* Project object */ = {
			isa = PBXProject;
			attributes = {
				BuildIndependentTargetsInParallel = 1;
				LastSwiftUpdateCheck = 1420;
				LastUpgradeCheck = 1420;
				TargetAttributes = {
					F358ADB02993B5910080B20E = {
						CreatedOnToolsVersion = 14.2;
					};
				};
			};
			buildConfigurationList = F358ADAC2993B5910080B20E /* Build configuration list for PBXProject "ImageShower" */;
			compatibilityVersion = "Xcode 14.0";
			developmentRegion = en;
			hasScannedForEncodings = 0;
			knownRegions = (
				en,
				Base,
			);
			mainGroup = F358ADA82993B5910080B20E;
			productRefGroup = F358ADB22993B5910080B20E /* Products */;
			projectDirPath = "";
			projectRoot = "";
			targets = (
				F358ADB02993B5910080B20E /* ImageShower */,
			);
		};
/* End PBXProject section */

/* Begin PBXResourcesBuildPhase section */
		F358ADAF2993B5910080B20E /* Resources */ = {
			isa = PBXResourcesBuildPhase;
			buildActionMask = 2147483647;
			files = (
				F358ADDE2993C2CA0080B20E /* ListCVC.xib in Resources */,
				F358ADD02993BE8B0080B20E /* ListVC.xib in Resources */,
				F358ADC12993B5920080B20E /* LaunchScreen.storyboard in Resources */,
				F358ADD82993C06B0080B20E /* task.json in Resources */,
				F358ADBE2993B5920080B20E /* Assets.xcassets in Resources */,
				F358ADD52993BEB60080B20E /* DetailVc.xib in Resources */,
			);
			runOnlyForDeploymentPostprocessing = 0;
		};
/* End PBXResourcesBuildPhase section */

/* Begin PBXSourcesBuildPhase section */
		F358ADAD2993B5910080B20E /* Sources */ = {
			isa = PBXSourcesBuildPhase;
			buildActionMask = 2147483647;
			files = (
				F358ADE92993F0B90080B20E /* NetworkManager.swift in Sources */,
				F358ADCF2993BE8B0080B20E /* ListVC.swift in Sources */,
				F358ADD42993BEB60080B20E /* DetailVc.swift in Sources */,
				F358ADE22993C2FD0080B20E /* DataParser.swift in Sources */,
				F358ADB52993B5910080B20E /* AppDelegate.swift in Sources */,
				F358ADE72993EC9F0080B20E /* UIViewControllerExtension.swift in Sources */,
				F358ADE52993CA650080B20E /* ListItemModel.swift in Sources */,
				F358ADB72993B5910080B20E /* SceneDelegate.swift in Sources */,
				F358ADDD2993C2CA0080B20E /* ListCVC.swift in Sources */,
			);
			runOnlyForDeploymentPostprocessing = 0;
		};
/* End PBXSourcesBuildPhase section */

/* Begin PBXVariantGroup section */
		F358ADBF2993B5920080B20E /* LaunchScreen.storyboard */ = {
			isa = PBXVariantGroup;
			children = (
				F358ADC02993B5920080B20E /* Base */,
			);
			name = LaunchScreen.storyboard;
			sourceTree = "<group>";
		};
/* End PBXVariantGroup section */

/* Begin XCBuildConfiguration section */
		F358ADC32993B5920080B20E /* Debug */ = {
			isa = XCBuildConfiguration;
			buildSettings = {
				ALWAYS_SEARCH_USER_PATHS = NO;
				CLANG_ANALYZER_NONNULL = YES;
				CLANG_ANALYZER_NUMBER_OBJECT_CONVERSION = YES_AGGRESSIVE;
				CLANG_CXX_LANGUAGE_STANDARD = "gnu++20";
				CLANG_ENABLE_MODULES = YES;
				CLANG_ENABLE_OBJC_ARC = YES;
				CLANG_ENABLE_OBJC_WEAK = YES;
				CLANG_WARN_BLOCK_CAPTURE_AUTORELEASING = YES;
				CLANG_WARN_BOOL_CONVERSION = YES;
				CLANG_WARN_COMMA = YES;
				CLANG_WARN_CONSTANT_CONVERSION = YES;
				CLANG_WARN_DEPRECATED_OBJC_IMPLEMENTATIONS = YES;
				CLANG_WARN_DIRECT_OBJC_ISA_USAGE = YES_ERROR;
				CLANG_WARN_DOCUMENTATION_COMMENTS = YES;
				CLANG_WARN_EMPTY_BODY = YES;
				CLANG_WARN_ENUM_CONVERSION = YES;
				CLANG_WARN_INFINITE_RECURSION = YES;
				CLANG_WARN_INT_CONVERSION = YES;
				CLANG_WARN_NON_LITERAL_NULL_CONVERSION = YES;
				CLANG_WARN_OBJC_IMPLICIT_RETAIN_SELF = YES;
				CLANG_WARN_OBJC_LITERAL_CONVERSION = YES;
				CLANG_WARN_OBJC_ROOT_CLASS = YES_ERROR;
				CLANG_WARN_QUOTED_INCLUDE_IN_FRAMEWORK_HEADER = YES;
				CLANG_WARN_RANGE_LOOP_ANALYSIS = YES;
				CLANG_WARN_STRICT_PROTOTYPES = YES;
				CLANG_WARN_SUSPICIOUS_MOVE = YES;
				CLANG_WARN_UNGUARDED_AVAILABILITY = YES_AGGRESSIVE;
				CLANG_WARN_UNREACHABLE_CODE = YES;
				CLANG_WARN__DUPLICATE_METHOD_MATCH = YES;
				COPY_PHASE_STRIP = NO;
				DEBUG_INFORMATION_FORMAT = dwarf;
				ENABLE_STRICT_OBJC_MSGSEND = YES;
				ENABLE_TESTABILITY = YES;
				GCC_C_LANGUAGE_STANDARD = gnu11;
				GCC_DYNAMIC_NO_PIC = NO;
				GCC_NO_COMMON_BLOCKS = YES;
				GCC_OPTIMIZATION_LEVEL = 0;
				GCC_PREPROCESSOR_DEFINITIONS = (
					"DEBUG=1",
					"$(inherited)",
				);
				GCC_WARN_64_TO_32_BIT_CONVERSION = YES;
				GCC_WARN_ABOUT_RETURN_TYPE = YES_ERROR;
				GCC_WARN_UNDECLARED_SELECTOR = YES;
				GCC_WARN_UNINITIALIZED_AUTOS = YES_AGGRESSIVE;
				GCC_WARN_UNUSED_FUNCTION = YES;
				GCC_WARN_UNUSED_VARIABLE = YES;
				IPHONEOS_DEPLOYMENT_TARGET = 16.2;
				MTL_ENABLE_DEBUG_INFO = INCLUDE_SOURCE;
				MTL_FAST_MATH = YES;
				ONLY_ACTIVE_ARCH = YES;
				SDKROOT = iphoneos;
				SWIFT_ACTIVE_COMPILATION_CONDITIONS = DEBUG;
				SWIFT_OPTIMIZATION_LEVEL = "-Onone";
			};
			name = Debug;
		};
		F358ADC42993B5920080B20E /* Release */ = {
			isa = XCBuildConfiguration;
			buildSettings = {
				ALWAYS_SEARCH_USER_PATHS = NO;
				CLANG_ANALYZER_NONNULL = YES;
				CLANG_ANALYZER_NUMBER_OBJECT_CONVERSION = YES_AGGRESSIVE;
				CLANG_CXX_LANGUAGE_STANDARD = "gnu++20";
				CLANG_ENABLE_MODULES = YES;
				CLANG_ENABLE_OBJC_ARC = YES;
				CLANG_ENABLE_OBJC_WEAK = YES;
				CLANG_WARN_BLOCK_CAPTURE_AUTORELEASING = YES;
				CLANG_WARN_BOOL_CONVERSION = YES;
				CLANG_WARN_COMMA = YES;
				CLANG_WARN_CONSTANT_CONVERSION = YES;
				CLANG_WARN_DEPRECATED_OBJC_IMPLEMENTATIONS = YES;
				CLANG_WARN_DIRECT_OBJC_ISA_USAGE = YES_ERROR;
				CLANG_WARN_DOCUMENTATION_COMMENTS = YES;
				CLANG_WARN_EMPTY_BODY = YES;
				CLANG_WARN_ENUM_CONVERSION = YES;
				CLANG_WARN_INFINITE_RECURSION = YES;
				CLANG_WARN_INT_CONVERSION = YES;
				CLANG_WARN_NON_LITERAL_NULL_CONVERSION = YES;
				CLANG_WARN_OBJC_IMPLICIT_RETAIN_SELF = YES;
				CLANG_WARN_OBJC_LITERAL_CONVERSION = YES;
				CLANG_WARN_OBJC_ROOT_CLASS = YES_ERROR;
				CLANG_WARN_QUOTED_INCLUDE_IN_FRAMEWORK_HEADER = YES;
				CLANG_WARN_RANGE_LOOP_ANALYSIS = YES;
				CLANG_WARN_STRICT_PROTOTYPES = YES;
				CLANG_WARN_SUSPICIOUS_MOVE = YES;
				CLANG_WARN_UNGUARDED_AVAILABILITY = YES_AGGRESSIVE;
				CLANG_WARN_UNREACHABLE_CODE = YES;
				CLANG_WARN__DUPLICATE_METHOD_MATCH = YES;
				COPY_PHASE_STRIP = NO;
				DEBUG_INFORMATION_FORMAT = "dwarf-with-dsym";
				ENABLE_NS_ASSERTIONS = NO;
				ENABLE_STRICT_OBJC_MSGSEND = YES;
				GCC_C_LANGUAGE_STANDARD = gnu11;
				GCC_NO_COMMON_BLOCKS = YES;
				GCC_WARN_64_TO_32_BIT_CONVERSION = YES;
				GCC_WARN_ABOUT_RETURN_TYPE = YES_ERROR;
				GCC_WARN_UNDECLARED_SELECTOR = YES;
				GCC_WARN_UNINITIALIZED_AUTOS = YES_AGGRESSIVE;
				GCC_WARN_UNUSED_FUNCTION = YES;
				GCC_WARN_UNUSED_VARIABLE = YES;
				IPHONEOS_DEPLOYMENT_TARGET = 16.2;
				MTL_ENABLE_DEBUG_INFO = NO;
				MTL_FAST_MATH = YES;
				SDKROOT = iphoneos;
				SWIFT_COMPILATION_MODE = wholemodule;
				SWIFT_OPTIMIZATION_LEVEL = "-O";
				VALIDATE_PRODUCT = YES;
			};
			name = Release;
		};
		F358ADC62993B5920080B20E /* Debug */ = {
			isa = XCBuildConfiguration;
			buildSettings = {
				ASSETCATALOG_COMPILER_APPICON_NAME = AppIcon;
				ASSETCATALOG_COMPILER_GLOBAL_ACCENT_COLOR_NAME = AccentColor;
				CODE_SIGN_STYLE = Automatic;
				CURRENT_PROJECT_VERSION = 1;
				DEVELOPMENT_TEAM = WS5LVFPHYR;
				GENERATE_INFOPLIST_FILE = YES;
				INFOPLIST_FILE = ImageShower/Info.plist;
				INFOPLIST_KEY_UIApplicationSupportsIndirectInputEvents = YES;
				INFOPLIST_KEY_UILaunchStoryboardName = LaunchScreen;
				INFOPLIST_KEY_UISupportedInterfaceOrientations = UIInterfaceOrientationPortrait;
				INFOPLIST_KEY_UISupportedInterfaceOrientations_iPad = "UIInterfaceOrientationLandscapeLeft UIInterfaceOrientationLandscapeRight UIInterfaceOrientationPortrait UIInterfaceOrientationPortraitUpsideDown";
				IPHONEOS_DEPLOYMENT_TARGET = 16.0;
				LD_RUNPATH_SEARCH_PATHS = (
					"$(inherited)",
					"@executable_path/Frameworks",
				);
				MARKETING_VERSION = 1.0;
				PRODUCT_BUNDLE_IDENTIFIER = devnir.ImageShower;
				PRODUCT_NAME = "$(TARGET_NAME)";
				SUPPORTED_PLATFORMS = "iphoneos iphonesimulator";
				SUPPORTS_MACCATALYST = NO;
				SUPPORTS_MAC_DESIGNED_FOR_IPHONE_IPAD = NO;
				SWIFT_EMIT_LOC_STRINGS = YES;
				SWIFT_VERSION = 5.0;
				TARGETED_DEVICE_FAMILY = 1;
			};
			name = Debug;
		};
		F358ADC72993B5920080B20E /* Release */ = {
			isa = XCBuildConfiguration;
			buildSettings = {
				ASSETCATALOG_COMPILER_APPICON_NAME = AppIcon;
				ASSETCATALOG_COMPILER_GLOBAL_ACCENT_COLOR_NAME = AccentColor;
				CODE_SIGN_STYLE = Automatic;
				CURRENT_PROJECT_VERSION = 1;
				DEVELOPMENT_TEAM = WS5LVFPHYR;
				GENERATE_INFOPLIST_FILE = YES;
				INFOPLIST_FILE = ImageShower/Info.plist;
				INFOPLIST_KEY_UIApplicationSupportsIndirectInputEvents = YES;
				INFOPLIST_KEY_UILaunchStoryboardName = LaunchScreen;
				INFOPLIST_KEY_UISupportedInterfaceOrientations = UIInterfaceOrientationPortrait;
				INFOPLIST_KEY_UISupportedInterfaceOrientations_iPad = "UIInterfaceOrientationLandscapeLeft UIInterfaceOrientationLandscapeRight UIInterfaceOrientationPortrait UIInterfaceOrientationPortraitUpsideDown";
				IPHONEOS_DEPLOYMENT_TARGET = 16.0;
				LD_RUNPATH_SEARCH_PATHS = (
					"$(inherited)",
					"@executable_path/Frameworks",
				);
				MARKETING_VERSION = 1.0;
				PRODUCT_BUNDLE_IDENTIFIER = devnir.ImageShower;
				PRODUCT_NAME = "$(TARGET_NAME)";
				SUPPORTED_PLATFORMS = "iphoneos iphonesimulator";
				SUPPORTS_MACCATALYST = NO;
				SUPPORTS_MAC_DESIGNED_FOR_IPHONE_IPAD = NO;
				SWIFT_EMIT_LOC_STRINGS = YES;
				SWIFT_VERSION = 5.0;
				TARGETED_DEVICE_FAMILY = 1;
			};
			name = Release;
		};
/* End XCBuildConfiguration section */

/* Begin XCConfigurationList section */
		F358ADAC2993B5910080B20E /* Build configuration list for PBXProject "ImageShower" */ = {
			isa = XCConfigurationList;
			buildConfigurations = (
				F358ADC32993B5920080B20E /* Debug */,
				F358ADC42993B5920080B20E /* Release */,
			);
			defaultConfigurationIsVisible = 0;
			defaultConfigurationName = Release;
		};
		F358ADC52993B5920080B20E /* Build configuration list for PBXNativeTarget "ImageShower" */ = {
			isa = XCConfigurationList;
			buildConfigurations = (
				F358ADC62993B5920080B20E /* Debug */,
				F358ADC72993B5920080B20E /* Release */,
			);
			defaultConfigurationIsVisible = 0;
			defaultConfigurationName = Release;
		};
/* End XCConfigurationList section */
	};
	rootObject = F358ADA92993B5910080B20E /* Project object */;
}
